
Microsoft Visual Studio Solution File, Format Version 12.00
# Visual Studio Version 17
VisualStudioVersion = 17.14.36221.1
MinimumVisualStudioVersion = 10.0.40219.1
Project("{2150E333-8FDC-42A3-9474-1A3956D46DE8}") = "Services", "Services", "{02EA681E-C7D8-13C7-8484-4AC65E1B71E8}"
EndProject
Project("{2150E333-8FDC-42A3-9474-1A3956D46DE8}") = "Catalog", "Catalog", "{BBF6AF3B-2114-4426-B410-AF3AE74BBAEE}"
EndProject
Project("{9A19103F-16F7-4668-BE54-9A1E7A4F7556}") = "Catalog.API", "src\Services\Catalog\Catalog.API\Catalog.API.csproj", "{CD548043-2F21-4514-AAEE-278304DEF97D}"
EndProject
Project("{2150E333-8FDC-42A3-9474-1A3956D46DE8}") = "BuildingBlocks", "BuildingBlocks", "{69917664-8108-4720-B429-AE29CEF3C887}"
EndProject
Project("{FAE04EC0-301F-11D3-BF4B-00C04F79EFBC}") = "BuildingBlocks", "src\BuildingBlocks\BuildingBlocks\BuildingBlocks.csproj", "{EBB908C1-123F-45CD-8A1E-16E9A4F90ABF}"
EndProject
Project("{E53339B2-1760-4266-BCC7-CA923CBCF16C}") = "docker-compose", "docker-compose.dcproj", "{7B1190F8-6C79-44C8-BB9A-F933E1BC3051}"
EndProject
Project("{2150E333-8FDC-42A3-9474-1A3956D46DE8}") = "Discount", "Discount", "{4E538B14-4B16-4A10-8D7A-CC7DF7353449}"
EndProject
Project("{FAE04EC0-301F-11D3-BF4B-00C04F79EFBC}") = "Discount.Grpc", "src\Services\Discount\Discount.Grpc\Discount.Grpc.csproj", "{D8B30D4B-2912-4B91-A13F-1306B9490C3B}"
EndProject
Project("{2150E333-8FDC-42A3-9474-1A3956D46DE8}") = "NewFolder1", "NewFolder1", "{4D6762BC-6C0C-43DB-B633-4BF1FC4E7857}"
EndProject
Project("{2150E333-8FDC-42A3-9474-1A3956D46DE8}") = "Ordering", "Ordering", "{29F0080D-2719-4DB7-A865-B92E81927B2E}"
EndProject
Project("{FAE04EC0-301F-11D3-BF4B-00C04F79EFBC}") = "Ordering.API", "src\Services\Ordering\Ordering.API\Ordering.API.csproj", "{2E79D3AC-3EBB-4FEF-83F1-59E9A055367E}"
EndProject
Project("{FAE04EC0-301F-11D3-BF4B-00C04F79EFBC}") = "Ordering.Domain", "src\Services\Ordering\Ordering.Domain\Ordering.Domain.csproj", "{1A41624C-1130-4842-9A2E-C0151A0B2B66}"
EndProject
Project("{FAE04EC0-301F-11D3-BF4B-00C04F79EFBC}") = "Ordering.Application", "src\Services\Ordering\Ordering.Application\Ordering.Application.csproj", "{2FDAE041-963F-4C26-B36D-E684BE09F92E}"
EndProject
Project("{FAE04EC0-301F-11D3-BF4B-00C04F79EFBC}") = "Ordering.Infrastructure", "src\Services\Ordering\Ordering.Infrastructure\Ordering.Infrastructure.csproj", "{D4D5B1D7-6A6D-4821-AD80-67993F3832A3}"
EndProject
Global
	GlobalSection(SolutionConfigurationPlatforms) = preSolution
		Debug|Any CPU = Debug|Any CPU
		Release|Any CPU = Release|Any CPU
	EndGlobalSection
	GlobalSection(ProjectConfigurationPlatforms) = postSolution
		{CD548043-2F21-4514-AAEE-278304DEF97D}.Debug|Any CPU.ActiveCfg = Debug|Any CPU
		{CD548043-2F21-4514-AAEE-278304DEF97D}.Debug|Any CPU.Build.0 = Debug|Any CPU
		{CD548043-2F21-4514-AAEE-278304DEF97D}.Release|Any CPU.ActiveCfg = Release|Any CPU
		{CD548043-2F21-4514-AAEE-278304DEF97D}.Release|Any CPU.Build.0 = Release|Any CPU
		{EBB908C1-123F-45CD-8A1E-16E9A4F90ABF}.Debug|Any CPU.ActiveCfg = Debug|Any CPU
		{EBB908C1-123F-45CD-8A1E-16E9A4F90ABF}.Debug|Any CPU.Build.0 = Debug|Any CPU
		{EBB908C1-123F-45CD-8A1E-16E9A4F90ABF}.Release|Any CPU.ActiveCfg = Release|Any CPU
		{EBB908C1-123F-45CD-8A1E-16E9A4F90ABF}.Release|Any CPU.Build.0 = Release|Any CPU
		{7B1190F8-6C79-44C8-BB9A-F933E1BC3051}.Debug|Any CPU.ActiveCfg = Debug|Any CPU
		{7B1190F8-6C79-44C8-BB9A-F933E1BC3051}.Debug|Any CPU.Build.0 = Debug|Any CPU
		{7B1190F8-6C79-44C8-BB9A-F933E1BC3051}.Release|Any CPU.ActiveCfg = Release|Any CPU
		{7B1190F8-6C79-44C8-BB9A-F933E1BC3051}.Release|Any CPU.Build.0 = Release|Any CPU
		{D8B30D4B-2912-4B91-A13F-1306B9490C3B}.Debug|Any CPU.ActiveCfg = Debug|Any CPU
		{D8B30D4B-2912-4B91-A13F-1306B9490C3B}.Debug|Any CPU.Build.0 = Debug|Any CPU
		{D8B30D4B-2912-4B91-A13F-1306B9490C3B}.Release|Any CPU.ActiveCfg = Release|Any CPU
		{D8B30D4B-2912-4B91-A13F-1306B9490C3B}.Release|Any CPU.Build.0 = Release|Any CPU
		{2E79D3AC-3EBB-4FEF-83F1-59E9A055367E}.Debug|Any CPU.ActiveCfg = Debug|Any CPU
		{2E79D3AC-3EBB-4FEF-83F1-59E9A055367E}.Debug|Any CPU.Build.0 = Debug|Any CPU
		{2E79D3AC-3EBB-4FEF-83F1-59E9A055367E}.Release|Any CPU.ActiveCfg = Release|Any CPU
		{2E79D3AC-3EBB-4FEF-83F1-59E9A055367E}.Release|Any CPU.Build.0 = Release|Any CPU
		{1A41624C-1130-4842-9A2E-C0151A0B2B66}.Debug|Any CPU.ActiveCfg = Debug|Any CPU
		{1A41624C-1130-4842-9A2E-C0151A0B2B66}.Debug|Any CPU.Build.0 = Debug|Any CPU
		{1A41624C-1130-4842-9A2E-C0151A0B2B66}.Release|Any CPU.ActiveCfg = Release|Any CPU
		{1A41624C-1130-4842-9A2E-C0151A0B2B66}.Release|Any CPU.Build.0 = Release|Any CPU
		{2FDAE041-963F-4C26-B36D-E684BE09F92E}.Debug|Any CPU.ActiveCfg = Debug|Any CPU
		{2FDAE041-963F-4C26-B36D-E684BE09F92E}.Debug|Any CPU.Build.0 = Debug|Any CPU
		{2FDAE041-963F-4C26-B36D-E684BE09F92E}.Release|Any CPU.ActiveCfg = Release|Any CPU
		{2FDAE041-963F-4C26-B36D-E684BE09F92E}.Release|Any CPU.Build.0 = Release|Any CPU
		{D4D5B1D7-6A6D-4821-AD80-67993F3832A3}.Debug|Any CPU.ActiveCfg = Debug|Any CPU
		{D4D5B1D7-6A6D-4821-AD80-67993F3832A3}.Debug|Any CPU.Build.0 = Debug|Any CPU
		{D4D5B1D7-6A6D-4821-AD80-67993F3832A3}.Release|Any CPU.ActiveCfg = Release|Any CPU
		{D4D5B1D7-6A6D-4821-AD80-67993F3832A3}.Release|Any CPU.Build.0 = Release|Any CPU
	EndGlobalSection
	GlobalSection(SolutionProperties) = preSolution
		HideSolutionNode = FALSE
	EndGlobalSection
	GlobalSection(NestedProjects) = preSolution
		{BBF6AF3B-2114-4426-B410-AF3AE74BBAEE} = {02EA681E-C7D8-13C7-8484-4AC65E1B71E8}
		{CD548043-2F21-4514-AAEE-278304DEF97D} = {BBF6AF3B-2114-4426-B410-AF3AE74BBAEE}
		{EBB908C1-123F-45CD-8A1E-16E9A4F90ABF} = {69917664-8108-4720-B429-AE29CEF3C887}
		{4E538B14-4B16-4A10-8D7A-CC7DF7353449} = {02EA681E-C7D8-13C7-8484-4AC65E1B71E8}
		{D8B30D4B-2912-4B91-A13F-1306B9490C3B} = {4E538B14-4B16-4A10-8D7A-CC7DF7353449}
		{4D6762BC-6C0C-43DB-B633-4BF1FC4E7857} = {4E538B14-4B16-4A10-8D7A-CC7DF7353449}
		{29F0080D-2719-4DB7-A865-B92E81927B2E} = {02EA681E-C7D8-13C7-8484-4AC65E1B71E8}
		{2E79D3AC-3EBB-4FEF-83F1-59E9A055367E} = {29F0080D-2719-4DB7-A865-B92E81927B2E}
		{1A41624C-1130-4842-9A2E-C0151A0B2B66} = {29F0080D-2719-4DB7-A865-B92E81927B2E}
		{2FDAE041-963F-4C26-B36D-E684BE09F92E} = {29F0080D-2719-4DB7-A865-B92E81927B2E}
		{D4D5B1D7-6A6D-4821-AD80-67993F3832A3} = {29F0080D-2719-4DB7-A865-B92E81927B2E}
	EndGlobalSection
	GlobalSection(ExtensibilityGlobals) = postSolution
		SolutionGuid = {DD9494F1-A290-46E7-AF2E-3D0415D9A522}
	EndGlobalSection
EndGlobal
